
Microsoft Visual Studio Solution File, Format Version 12.00
# Visual Studio Version 16
VisualStudioVersion = 16.0.28407.52
MinimumVisualStudioVersion = 10.0.40219.1
Project("{8BC9CEB8-8B4A-11D0-8D11-00A0C91BC942}") = "MathGeoLib.Exports", "MathGeoLib.Exports\MathGeoLib.Exports.vcxproj", "{E55E07BE-4FE7-4AD4-B83B-FFD0B5D61464}"
EndProject
Global
	GlobalSection(SolutionConfigurationPlatforms) = preSolution
		Debug|x64 = Debug|x64
		Debug|x86 = Debug|x86
		Release|x64 = Release|x64
		Release|x86 = Release|x86
	EndGlobalSection
	GlobalSection(ProjectConfigurationPlatforms) = postSolution
		{E55E07BE-4FE7-4AD4-B83B-FFD0B5D61464}.Debug|x64.ActiveCfg = Debug|x64
		{E55E07BE-4FE7-4AD4-B83B-FFD0B5D61464}.Debug|x64.Build.0 = Debug|x64
		{E55E07BE-4FE7-4AD4-B83B-FFD0B5D61464}.Debug|x86.ActiveCfg = Debug|Win32
		{E55E07BE-4FE7-4AD4-B83B-FFD0B5D61464}.Debug|x86.Build.0 = Debug|Win32
		{E55E07BE-4FE7-4AD4-B83B-FFD0B5D61464}.Release|x64.ActiveCfg = Release|x64
		{E55E07BE-4FE7-4AD4-B83B-FFD0B5D61464}.Release|x64.Build.0 = Release|x64
		{E55E07BE-4FE7-4AD4-B83B-FFD0B5D61464}.Release|x86.ActiveCfg = Release|Win32
		{E55E07BE-4FE7-4AD4-B83B-FFD0B5D61464}.Release|x86.Build.0 = Release|Win32
	EndGlobalSection
	GlobalSection(SolutionProperties) = preSolution
		HideSolutionNode = FALSE
	EndGlobalSection
	GlobalSection(ExtensibilityGlobals) = postSolution
		SolutionGuid = {10790F77-AFE6-4FFD-A5A0-E05A37891A4D}
	EndGlobalSection
EndGlobal
